
Microsoft Visual Studio Solution File, Format Version 12.00
# Visual Studio Version 17
VisualStudioVersion = 17.9.34723.18
MinimumVisualStudioVersion = 10.0.40219.1
Project("{9A19103F-16F7-4668-BE54-9A1E7A4F7556}") = "KSTDotNetCore.ConsoleApp", "KSTDotNetCore.ConsoleApp\KSTDotNetCore.ConsoleApp.csproj", "{11A493FC-6C7B-423B-9352-AA96022E20AD}"
EndProject
Project("{2150E333-8FDC-42A3-9474-1A3956D46DE8}") = "Document", "Document", "{421CF3EB-D4AD-4ED8-830D-393BBC476B1F}"
	ProjectSection(SolutionItems) = preProject
		DotNetTrainningBatch4.sql = DotNetTrainningBatch4.sql
		Readme.md = Readme.md
	EndProjectSection
EndProject
Project("{9A19103F-16F7-4668-BE54-9A1E7A4F7556}") = "KSTDotNetCore.RestApi", "KSTDotNetCore.RestApi\KSTDotNetCore.RestApi.csproj", "{A2B28AD1-1C1B-4D78-A12B-51F0C797B1FF}"
EndProject
Project("{9A19103F-16F7-4668-BE54-9A1E7A4F7556}") = "KSTDotNetCore.Shared", "KSTDotNetCore.Shared\KSTDotNetCore.Shared.csproj", "{E22B178A-6395-40FD-AF57-1911CA5509CD}"
EndProject
Project("{9A19103F-16F7-4668-BE54-9A1E7A4F7556}") = "KSTDotNetCore.RestApiWithNLayer", "KSTDotNetCore.RestApiWithNLayer\KSTDotNetCore.RestApiWithNLayer.csproj", "{D74D7375-FF93-4515-88C6-A9D14DCCBF39}"
EndProject
Project("{9A19103F-16F7-4668-BE54-9A1E7A4F7556}") = "KSTDotNetCore.ConsoleAppHttpClient", "KSTDotNetCore.ConsoleAppHttpClient\KSTDotNetCore.ConsoleAppHttpClient.csproj", "{30A090A9-759E-4F4A-9DFA-D2512F71621A}"
EndProject
Project("{9A19103F-16F7-4668-BE54-9A1E7A4F7556}") = "KSTDotNetCore.ConsoleAppHttpClientExample", "KSTDotNetCore.ConsoleAppHttpClientExample\KSTDotNetCore.ConsoleAppHttpClientExample.csproj", "{138F194A-230B-4E9A-9B7F-4D3385C856A6}"
EndProject
Project("{9A19103F-16F7-4668-BE54-9A1E7A4F7556}") = "KSTDotNetCore.ConsoleAppRestClientExample", "KSTDotNetCore.ConsoleAppRestClientExample\KSTDotNetCore.ConsoleAppRestClientExample.csproj", "{47B3AF0D-A4C1-4F10-97C0-2E2C8FC5BD60}"
EndProject
Project("{9A19103F-16F7-4668-BE54-9A1E7A4F7556}") = "KSTDotNetCore.PizzaApi", "KSTDotNetCore.PizzaApi\KSTDotNetCore.PizzaApi.csproj", "{AAEF155C-00CC-4602-A7C6-AAA5B3368367}"
EndProject
Project("{9A19103F-16F7-4668-BE54-9A1E7A4F7556}") = "KSTDotNetCore.ConsoleAppRefitExamples", "KSTDotNetCore.ConsoleAppRefitExamples\KSTDotNetCore.ConsoleAppRefitExamples.csproj", "{5BB001E1-2D07-47FA-8743-DE60529A1419}"
EndProject
Project("{9A19103F-16F7-4668-BE54-9A1E7A4F7556}") = "KSTDotNetCore.WinFormsApp", "KSTDotNetCore.WinFormsApp\KSTDotNetCore.WinFormsApp.csproj", "{75E06166-B39E-4DDE-9B5D-E522553275B7}"
EndProject
Project("{9A19103F-16F7-4668-BE54-9A1E7A4F7556}") = "KSTDotNetCore.WinFormsAppSqlInjection", "KSTDotNetCore.WinFormsAppSqlInjection\KSTDotNetCore.WinFormsAppSqlInjection.csproj", "{7C3A5D87-EEF3-4D90-94CB-16936B0E84FB}"
EndProject
Project("{9A19103F-16F7-4668-BE54-9A1E7A4F7556}") = "KSTDotNetCore.NLayer.UI", "KSTDotNetCore.NLayer.UI\KSTDotNetCore.NLayer.UI.csproj", "{38C31F20-408B-4DE5-9E83-4AC794E4E48A}"
EndProject
Project("{9A19103F-16F7-4668-BE54-9A1E7A4F7556}") = "KSTDotNetCore.NLayer.BusinessLogic", "KSTDotNetCore.NLayer.BusinessLogic\KSTDotNetCore.NLayer.BusinessLogic.csproj", "{63DE2E45-D295-4B5C-ACB2-44D17EBC6054}"
EndProject
Project("{9A19103F-16F7-4668-BE54-9A1E7A4F7556}") = "KSTDotNetCore.NLayer.DataAccess", "KSTDotNetCore.NLayer.DataAccess\KSTDotNetCore.NLayer.DataAccess.csproj", "{FE6BFC95-ECB5-42E6-92CF-E0380C772FE0}"
EndProject
Project("{9A19103F-16F7-4668-BE54-9A1E7A4F7556}") = "KSTDotNetCore.MinimalApi", "KSTDotNetCore.MinimalApi\KSTDotNetCore.MinimalApi.csproj", "{EE7D1B40-73A5-4340-A912-B213C1317CAE}"
EndProject
Project("{9A19103F-16F7-4668-BE54-9A1E7A4F7556}") = "KSTDotNetCore.MvcApp", "KSTDotNetCore.MvcApp\KSTDotNetCore.MvcApp.csproj", "{6993BD74-FF5B-47F8-A6D0-589203047389}"
EndProject
Project("{9A19103F-16F7-4668-BE54-9A1E7A4F7556}") = "KSTDotNetCore.MvcChartApp", "KSTDotNetCore.MvcChartApp\KSTDotNetCore.MvcChartApp.csproj", "{5A6BE9B5-83EE-4089-9357-A9052EEBDBCC}"
EndProject
Project("{9A19103F-16F7-4668-BE54-9A1E7A4F7556}") = "KSTDotNetCore.MvcApp2", "KSTDotNetCore.MvcApp2\KSTDotNetCore.MvcApp2.csproj", "{4C2D1E15-07D3-4E6E-B1F1-F8D54890A7C1}"
EndProject
Project("{FAE04EC0-301F-11D3-BF4B-00C04F79EFBC}") = "KSTDotNetCore.ConsoleAppLogging", "KSTDotNetCore.ConsoleAppLogging\KSTDotNetCore.ConsoleAppLogging.csproj", "{8679870B-2417-459F-AC49-DEC350A0A3F2}"
EndProject
Global
	GlobalSection(SolutionConfigurationPlatforms) = preSolution
		Debug|Any CPU = Debug|Any CPU
		Release|Any CPU = Release|Any CPU
	EndGlobalSection
	GlobalSection(ProjectConfigurationPlatforms) = postSolution
		{11A493FC-6C7B-423B-9352-AA96022E20AD}.Debug|Any CPU.ActiveCfg = Debug|Any CPU
		{11A493FC-6C7B-423B-9352-AA96022E20AD}.Debug|Any CPU.Build.0 = Debug|Any CPU
		{11A493FC-6C7B-423B-9352-AA96022E20AD}.Release|Any CPU.ActiveCfg = Release|Any CPU
		{11A493FC-6C7B-423B-9352-AA96022E20AD}.Release|Any CPU.Build.0 = Release|Any CPU
		{A2B28AD1-1C1B-4D78-A12B-51F0C797B1FF}.Debug|Any CPU.ActiveCfg = Debug|Any CPU
		{A2B28AD1-1C1B-4D78-A12B-51F0C797B1FF}.Debug|Any CPU.Build.0 = Debug|Any CPU
		{A2B28AD1-1C1B-4D78-A12B-51F0C797B1FF}.Release|Any CPU.ActiveCfg = Release|Any CPU
		{A2B28AD1-1C1B-4D78-A12B-51F0C797B1FF}.Release|Any CPU.Build.0 = Release|Any CPU
		{E22B178A-6395-40FD-AF57-1911CA5509CD}.Debug|Any CPU.ActiveCfg = Debug|Any CPU
		{E22B178A-6395-40FD-AF57-1911CA5509CD}.Debug|Any CPU.Build.0 = Debug|Any CPU
		{E22B178A-6395-40FD-AF57-1911CA5509CD}.Release|Any CPU.ActiveCfg = Release|Any CPU
		{E22B178A-6395-40FD-AF57-1911CA5509CD}.Release|Any CPU.Build.0 = Release|Any CPU
		{D74D7375-FF93-4515-88C6-A9D14DCCBF39}.Debug|Any CPU.ActiveCfg = Debug|Any CPU
		{D74D7375-FF93-4515-88C6-A9D14DCCBF39}.Debug|Any CPU.Build.0 = Debug|Any CPU
		{D74D7375-FF93-4515-88C6-A9D14DCCBF39}.Release|Any CPU.ActiveCfg = Release|Any CPU
		{D74D7375-FF93-4515-88C6-A9D14DCCBF39}.Release|Any CPU.Build.0 = Release|Any CPU
		{30A090A9-759E-4F4A-9DFA-D2512F71621A}.Debug|Any CPU.ActiveCfg = Debug|Any CPU
		{30A090A9-759E-4F4A-9DFA-D2512F71621A}.Debug|Any CPU.Build.0 = Debug|Any CPU
		{30A090A9-759E-4F4A-9DFA-D2512F71621A}.Release|Any CPU.ActiveCfg = Release|Any CPU
		{30A090A9-759E-4F4A-9DFA-D2512F71621A}.Release|Any CPU.Build.0 = Release|Any CPU
		{138F194A-230B-4E9A-9B7F-4D3385C856A6}.Debug|Any CPU.ActiveCfg = Debug|Any CPU
		{138F194A-230B-4E9A-9B7F-4D3385C856A6}.Debug|Any CPU.Build.0 = Debug|Any CPU
		{138F194A-230B-4E9A-9B7F-4D3385C856A6}.Release|Any CPU.ActiveCfg = Release|Any CPU
		{138F194A-230B-4E9A-9B7F-4D3385C856A6}.Release|Any CPU.Build.0 = Release|Any CPU
		{47B3AF0D-A4C1-4F10-97C0-2E2C8FC5BD60}.Debug|Any CPU.ActiveCfg = Debug|Any CPU
		{47B3AF0D-A4C1-4F10-97C0-2E2C8FC5BD60}.Debug|Any CPU.Build.0 = Debug|Any CPU
		{47B3AF0D-A4C1-4F10-97C0-2E2C8FC5BD60}.Release|Any CPU.ActiveCfg = Release|Any CPU
		{47B3AF0D-A4C1-4F10-97C0-2E2C8FC5BD60}.Release|Any CPU.Build.0 = Release|Any CPU
		{AAEF155C-00CC-4602-A7C6-AAA5B3368367}.Debug|Any CPU.ActiveCfg = Debug|Any CPU
		{AAEF155C-00CC-4602-A7C6-AAA5B3368367}.Debug|Any CPU.Build.0 = Debug|Any CPU
		{AAEF155C-00CC-4602-A7C6-AAA5B3368367}.Release|Any CPU.ActiveCfg = Release|Any CPU
		{AAEF155C-00CC-4602-A7C6-AAA5B3368367}.Release|Any CPU.Build.0 = Release|Any CPU
		{5BB001E1-2D07-47FA-8743-DE60529A1419}.Debug|Any CPU.ActiveCfg = Debug|Any CPU
		{5BB001E1-2D07-47FA-8743-DE60529A1419}.Debug|Any CPU.Build.0 = Debug|Any CPU
		{5BB001E1-2D07-47FA-8743-DE60529A1419}.Release|Any CPU.ActiveCfg = Release|Any CPU
		{5BB001E1-2D07-47FA-8743-DE60529A1419}.Release|Any CPU.Build.0 = Release|Any CPU
		{75E06166-B39E-4DDE-9B5D-E522553275B7}.Debug|Any CPU.ActiveCfg = Debug|Any CPU
		{75E06166-B39E-4DDE-9B5D-E522553275B7}.Debug|Any CPU.Build.0 = Debug|Any CPU
		{75E06166-B39E-4DDE-9B5D-E522553275B7}.Release|Any CPU.ActiveCfg = Release|Any CPU
		{75E06166-B39E-4DDE-9B5D-E522553275B7}.Release|Any CPU.Build.0 = Release|Any CPU
		{7C3A5D87-EEF3-4D90-94CB-16936B0E84FB}.Debug|Any CPU.ActiveCfg = Debug|Any CPU
		{7C3A5D87-EEF3-4D90-94CB-16936B0E84FB}.Debug|Any CPU.Build.0 = Debug|Any CPU
		{7C3A5D87-EEF3-4D90-94CB-16936B0E84FB}.Release|Any CPU.ActiveCfg = Release|Any CPU
		{7C3A5D87-EEF3-4D90-94CB-16936B0E84FB}.Release|Any CPU.Build.0 = Release|Any CPU
		{38C31F20-408B-4DE5-9E83-4AC794E4E48A}.Debug|Any CPU.ActiveCfg = Debug|Any CPU
		{38C31F20-408B-4DE5-9E83-4AC794E4E48A}.Debug|Any CPU.Build.0 = Debug|Any CPU
		{38C31F20-408B-4DE5-9E83-4AC794E4E48A}.Release|Any CPU.ActiveCfg = Release|Any CPU
		{38C31F20-408B-4DE5-9E83-4AC794E4E48A}.Release|Any CPU.Build.0 = Release|Any CPU
		{63DE2E45-D295-4B5C-ACB2-44D17EBC6054}.Debug|Any CPU.ActiveCfg = Debug|Any CPU
		{63DE2E45-D295-4B5C-ACB2-44D17EBC6054}.Debug|Any CPU.Build.0 = Debug|Any CPU
		{63DE2E45-D295-4B5C-ACB2-44D17EBC6054}.Release|Any CPU.ActiveCfg = Release|Any CPU
		{63DE2E45-D295-4B5C-ACB2-44D17EBC6054}.Release|Any CPU.Build.0 = Release|Any CPU
		{FE6BFC95-ECB5-42E6-92CF-E0380C772FE0}.Debug|Any CPU.ActiveCfg = Debug|Any CPU
		{FE6BFC95-ECB5-42E6-92CF-E0380C772FE0}.Debug|Any CPU.Build.0 = Debug|Any CPU
		{FE6BFC95-ECB5-42E6-92CF-E0380C772FE0}.Release|Any CPU.ActiveCfg = Release|Any CPU
		{FE6BFC95-ECB5-42E6-92CF-E0380C772FE0}.Release|Any CPU.Build.0 = Release|Any CPU
		{EE7D1B40-73A5-4340-A912-B213C1317CAE}.Debug|Any CPU.ActiveCfg = Debug|Any CPU
		{EE7D1B40-73A5-4340-A912-B213C1317CAE}.Debug|Any CPU.Build.0 = Debug|Any CPU
		{EE7D1B40-73A5-4340-A912-B213C1317CAE}.Release|Any CPU.ActiveCfg = Release|Any CPU
		{EE7D1B40-73A5-4340-A912-B213C1317CAE}.Release|Any CPU.Build.0 = Release|Any CPU
		{6993BD74-FF5B-47F8-A6D0-589203047389}.Debug|Any CPU.ActiveCfg = Debug|Any CPU
		{6993BD74-FF5B-47F8-A6D0-589203047389}.Debug|Any CPU.Build.0 = Debug|Any CPU
		{6993BD74-FF5B-47F8-A6D0-589203047389}.Release|Any CPU.ActiveCfg = Release|Any CPU
		{6993BD74-FF5B-47F8-A6D0-589203047389}.Release|Any CPU.Build.0 = Release|Any CPU
		{5A6BE9B5-83EE-4089-9357-A9052EEBDBCC}.Debug|Any CPU.ActiveCfg = Debug|Any CPU
		{5A6BE9B5-83EE-4089-9357-A9052EEBDBCC}.Debug|Any CPU.Build.0 = Debug|Any CPU
		{5A6BE9B5-83EE-4089-9357-A9052EEBDBCC}.Release|Any CPU.ActiveCfg = Release|Any CPU
		{5A6BE9B5-83EE-4089-9357-A9052EEBDBCC}.Release|Any CPU.Build.0 = Release|Any CPU
		{4C2D1E15-07D3-4E6E-B1F1-F8D54890A7C1}.Debug|Any CPU.ActiveCfg = Debug|Any CPU
		{4C2D1E15-07D3-4E6E-B1F1-F8D54890A7C1}.Debug|Any CPU.Build.0 = Debug|Any CPU
		{4C2D1E15-07D3-4E6E-B1F1-F8D54890A7C1}.Release|Any CPU.ActiveCfg = Release|Any CPU
		{4C2D1E15-07D3-4E6E-B1F1-F8D54890A7C1}.Release|Any CPU.Build.0 = Release|Any CPU
		{8679870B-2417-459F-AC49-DEC350A0A3F2}.Debug|Any CPU.ActiveCfg = Debug|Any CPU
		{8679870B-2417-459F-AC49-DEC350A0A3F2}.Debug|Any CPU.Build.0 = Debug|Any CPU
		{8679870B-2417-459F-AC49-DEC350A0A3F2}.Release|Any CPU.ActiveCfg = Release|Any CPU
		{8679870B-2417-459F-AC49-DEC350A0A3F2}.Release|Any CPU.Build.0 = Release|Any CPU
	EndGlobalSection
	GlobalSection(SolutionProperties) = preSolution
		HideSolutionNode = FALSE
	EndGlobalSection
	GlobalSection(ExtensibilityGlobals) = postSolution
		SolutionGuid = {2F7FBEED-6B4E-4D29-9AC0-4BFCEBE0B8DC}
	EndGlobalSection
EndGlobal
